
Microsoft Visual Studio Solution File, Format Version 12.00
# Visual Studio 2013
VisualStudioVersion = 12.0.21005.1
MinimumVisualStudioVersion = 10.0.40219.1
Project("{FAE04EC0-301F-11D3-BF4B-00C04F79EFBC}") = "BackupEngine", "BackupEngine\BackupEngine.csproj", "{3A871F65-2E62-4A92-9600-91E684E27ACF}"
EndProject
Project("{FAE04EC0-301F-11D3-BF4B-00C04F79EFBC}") = "BackupEngineTests", "BackupEngineTests\BackupEngineTests.csproj", "{940FFCB1-801B-4520-8051-6336A1EAE4EC}"
EndProject
Project("{FAE04EC0-301F-11D3-BF4B-00C04F79EFBC}") = "Gui", "Gui\Gui.csproj", "{309C7F02-5702-404A-8055-7616830513AD}"
EndProject
Project("{2150E333-8FDC-42A3-9474-1A3956D46DE8}") = "Build", "Build", "{504551A7-0BCD-40B6-8CEF-8D754B7ED896}"
	ProjectSection(SolutionItems) = preProject
		SafeAndSound.build = SafeAndSound.build
	EndProjectSection
EndProject
Project("{FAE04EC0-301F-11D3-BF4B-00C04F79EFBC}") = "GuiTests", "GuiTests\GuiTests.csproj", "{DE6C24C6-8294-412A-8557-1EE757C894BA}"
EndProject
Project("{FAE04EC0-301F-11D3-BF4B-00C04F79EFBC}") = "BackupRunnerService", "BackupRunnerService\BackupRunnerService.csproj", "{4ECB9FA4-356D-474F-BBAC-ABDF9C6A3BF8}"
EndProject
Project("{FAE04EC0-301F-11D3-BF4B-00C04F79EFBC}") = "BackupRunnerServiceTests", "BackupRunnerServiceTests\BackupRunnerServiceTests.csproj", "{938641A1-3E8E-4FC1-A2B1-E588008454B0}"
EndProject
Global
	GlobalSection(SolutionConfigurationPlatforms) = preSolution
		Debug|Any CPU = Debug|Any CPU
		Release|Any CPU = Release|Any CPU
	EndGlobalSection
	GlobalSection(ProjectConfigurationPlatforms) = postSolution
		{3A871F65-2E62-4A92-9600-91E684E27ACF}.Debug|Any CPU.ActiveCfg = Debug|Any CPU
		{3A871F65-2E62-4A92-9600-91E684E27ACF}.Debug|Any CPU.Build.0 = Debug|Any CPU
		{3A871F65-2E62-4A92-9600-91E684E27ACF}.Release|Any CPU.ActiveCfg = Release|Any CPU
		{3A871F65-2E62-4A92-9600-91E684E27ACF}.Release|Any CPU.Build.0 = Release|Any CPU
		{940FFCB1-801B-4520-8051-6336A1EAE4EC}.Debug|Any CPU.ActiveCfg = Debug|Any CPU
		{940FFCB1-801B-4520-8051-6336A1EAE4EC}.Debug|Any CPU.Build.0 = Debug|Any CPU
		{940FFCB1-801B-4520-8051-6336A1EAE4EC}.Release|Any CPU.ActiveCfg = Release|Any CPU
		{940FFCB1-801B-4520-8051-6336A1EAE4EC}.Release|Any CPU.Build.0 = Release|Any CPU
		{309C7F02-5702-404A-8055-7616830513AD}.Debug|Any CPU.ActiveCfg = Debug|Any CPU
		{309C7F02-5702-404A-8055-7616830513AD}.Debug|Any CPU.Build.0 = Debug|Any CPU
		{309C7F02-5702-404A-8055-7616830513AD}.Release|Any CPU.ActiveCfg = Release|Any CPU
		{309C7F02-5702-404A-8055-7616830513AD}.Release|Any CPU.Build.0 = Release|Any CPU
		{DE6C24C6-8294-412A-8557-1EE757C894BA}.Debug|Any CPU.ActiveCfg = Debug|Any CPU
		{DE6C24C6-8294-412A-8557-1EE757C894BA}.Debug|Any CPU.Build.0 = Debug|Any CPU
		{DE6C24C6-8294-412A-8557-1EE757C894BA}.Release|Any CPU.ActiveCfg = Release|Any CPU
		{DE6C24C6-8294-412A-8557-1EE757C894BA}.Release|Any CPU.Build.0 = Release|Any CPU
		{4ECB9FA4-356D-474F-BBAC-ABDF9C6A3BF8}.Debug|Any CPU.ActiveCfg = Debug|Any CPU
		{4ECB9FA4-356D-474F-BBAC-ABDF9C6A3BF8}.Debug|Any CPU.Build.0 = Debug|Any CPU
		{4ECB9FA4-356D-474F-BBAC-ABDF9C6A3BF8}.Release|Any CPU.ActiveCfg = Release|Any CPU
		{4ECB9FA4-356D-474F-BBAC-ABDF9C6A3BF8}.Release|Any CPU.Build.0 = Release|Any CPU
		{938641A1-3E8E-4FC1-A2B1-E588008454B0}.Debug|Any CPU.ActiveCfg = Debug|Any CPU
		{938641A1-3E8E-4FC1-A2B1-E588008454B0}.Debug|Any CPU.Build.0 = Debug|Any CPU
		{938641A1-3E8E-4FC1-A2B1-E588008454B0}.Release|Any CPU.ActiveCfg = Release|Any CPU
		{938641A1-3E8E-4FC1-A2B1-E588008454B0}.Release|Any CPU.Build.0 = Release|Any CPU
	EndGlobalSection
	GlobalSection(SolutionProperties) = preSolution
		HideSolutionNode = FALSE
	EndGlobalSection
EndGlobal
