
Microsoft Visual Studio Solution File, Format Version 12.00
# Visual Studio 2013
VisualStudioVersion = 12.0.30723.0
MinimumVisualStudioVersion = 10.0.40219.1
Project("{FAE04EC0-301F-11D3-BF4B-00C04F79EFBC}") = "BackupEngine", "BackupEngine\BackupEngine.csproj", "{3A871F65-2E62-4A92-9600-91E684E27ACF}"
EndProject
Project("{FAE04EC0-301F-11D3-BF4B-00C04F79EFBC}") = "BackupEngineTests", "BackupEngineTests\BackupEngineTests.csproj", "{940FFCB1-801B-4520-8051-6336A1EAE4EC}"
EndProject
Project("{FAE04EC0-301F-11D3-BF4B-00C04F79EFBC}") = "Gui", "Gui\Gui.csproj", "{309C7F02-5702-404A-8055-7616830513AD}"
EndProject
Global
	GlobalSection(SolutionConfigurationPlatforms) = preSolution
		Debug|Any CPU = Debug|Any CPU
		Release|Any CPU = Release|Any CPU
	EndGlobalSection
	GlobalSection(ProjectConfigurationPlatforms) = postSolution
		{3A871F65-2E62-4A92-9600-91E684E27ACF}.Debug|Any CPU.ActiveCfg = Debug|Any CPU
		{3A871F65-2E62-4A92-9600-91E684E27ACF}.Debug|Any CPU.Build.0 = Debug|Any CPU
		{3A871F65-2E62-4A92-9600-91E684E27ACF}.Release|Any CPU.ActiveCfg = Release|Any CPU
		{3A871F65-2E62-4A92-9600-91E684E27ACF}.Release|Any CPU.Build.0 = Release|Any CPU
		{940FFCB1-801B-4520-8051-6336A1EAE4EC}.Debug|Any CPU.ActiveCfg = Debug|Any CPU
		{940FFCB1-801B-4520-8051-6336A1EAE4EC}.Debug|Any CPU.Build.0 = Debug|Any CPU
		{940FFCB1-801B-4520-8051-6336A1EAE4EC}.Release|Any CPU.ActiveCfg = Release|Any CPU
		{940FFCB1-801B-4520-8051-6336A1EAE4EC}.Release|Any CPU.Build.0 = Release|Any CPU
		{309C7F02-5702-404A-8055-7616830513AD}.Debug|Any CPU.ActiveCfg = Debug|Any CPU
		{309C7F02-5702-404A-8055-7616830513AD}.Debug|Any CPU.Build.0 = Debug|Any CPU
		{309C7F02-5702-404A-8055-7616830513AD}.Release|Any CPU.ActiveCfg = Release|Any CPU
		{309C7F02-5702-404A-8055-7616830513AD}.Release|Any CPU.Build.0 = Release|Any CPU
	EndGlobalSection
	GlobalSection(SolutionProperties) = preSolution
		HideSolutionNode = FALSE
	EndGlobalSection
EndGlobal
